{
  "nodes": {
    "nixpkgs": {
      "locked": {
        "lastModified": 1708990029,
        "narHash": "sha256-Iy0aLAPmFfFLlBY0rILTxRlgphWDjlVppNbcaurb2tA=",
        "owner": "NixOS",
        "repo": "nixpkgs",
        "rev": "03304ee036139ee4f99c05ba8eaae287892d90cd",
        "type": "github"
      },
      "original": {
        "owner": "NixOS",
        "repo": "nixpkgs",
        "type": "github"
      }
    },
    "root": {
      "inputs": {
        "nixpkgs": "nixpkgs"
      }
    }
  },
  "root": "root",
  "version": 7
}
